{
  "name": "ferma-kz",
  "lockfileVersion": 3,
  "requires": true,
  "packages": {
    "": {
      "name": "ferma-kz",
      "dependencies": {
        "@supabase/supabase-js": "^2.110.2",
        "@supabase/ssr": "^0.6.0",
        "class-variance-authority": "^0.7.1",
        "clsx": "^2.1.1",
        "framer-motion": "^12.42.2",
        "lucide-react": "^1.24.0",
        "next": "15.5.19",
        "react": "19.1.0",
        "react-dom": "19.1.0",
        "sonner": "^2.0.7",
        "tailwind-merge": "^3.6.0",
        "zustand": "^5.0.14"
      },
      "devDependencies": {
        "@opennextjs/cloudflare": "^1.20.1",
        "@tailwindcss/postcss": "^4",
        "@types/node": "^20",
        "@types/react": "^19",
        "@types/react-dom": "^19",
        "eslint": "^9",
        "eslint-config-next": "15.5.19",
        "wrangler": "^4.106.0",
        "tailwindcss": "^4",
        "typescript": "^5"
      }
    }
  }
}
